github.com/google/uuid v1.6.0 h1:NIvaJDMOsjHA8n1jAhLSgzrAzy1Hgr+hNrb57e+94F0=
github.com/google/uuid v1.6.0/go.mod h1:TIyPZe4MgqvfeYDBFedMoGGpEw/LqOeaOT+nhxU+yHo=
k8s.io/apimachinery v0.36.1 h1:G63Gjx2W+q0YD+72Vo8oY0nDnePVwnuzTmmy5ENrVSA=
k8s.io/apimachinery v0.36.1/go.mod h1:ibYOR00vW/I1kzvi5SF0dRuJ52BvKtfvRdOn35GPQ+8=
